// !$*UTF8*$!
{
	archiveVersion = 1;
	classes = {
	};
	objectVersion = 46;
	objects = {

/* Begin PBXBuildFile section */
		15028522163057FB00FEE910 /* UIKit.framework in Frameworks */ = {isa = PBXBuildFile; fileRef = 15028521163057FB00FEE910 /* UIKit.framework */; };
		15028524163057FB00FEE910 /* Foundation.framework in Frameworks */ = {isa = PBXBuildFile; fileRef = 15028523163057FB00FEE910 /* Foundation.framework */; };
		15028526163057FB00FEE910 /* CoreGraphics.framework in Frameworks */ = {isa = PBXBuildFile; fileRef = 15028525163057FB00FEE910 /* CoreGraphics.framework */; };
		1502852C163057FB00FEE910 /* InfoPlist.strings in Resources */ = {isa = PBXBuildFile; fileRef = 1502852A163057FB00FEE910 /* InfoPlist.strings */; };
		1502852E163057FB00FEE910 /* main.m in Sources */ = {isa = PBXBuildFile; fileRef = 1502852D163057FB00FEE910 /* main.m */; };
		15028532163057FB00FEE910 /* VBAppDelegate.m in Sources */ = {isa = PBXBuildFile; fileRef = 15028531163057FB00FEE910 /* VBAppDelegate.m */; };
/* End PBXBuildFile section */

/* Begin PBXFileReference section */
		1502851D163057FB00FEE910 /* VOCABI.app */ = {isa = PBXFileReference; explicitFileType = wrapper.application; includeInIndex = 0; path = VOCABI.app; sourceTree = BUILT_PRODUCTS_DIR; };
		15028521163057FB00FEE910 /* UIKit.framework */ = {isa = PBXFileReference; lastKnownFileType = wrapper.framework; name = UIKit.framework; path = System/Library/Frameworks/UIKit.framework; sourceTree = SDKROOT; };
		15028523163057FB00FEE910 /* Foundation.framework */ = {isa = PBXFileReference; lastKnownFileType = wrapper.framework; name = Foundation.framework; path = System/Library/Frameworks/Foundation.framework; sourceTree = SDKROOT; };
		15028525163057FB00FEE910 /* CoreGraphics.framework */ = {isa = PBXFileReference; lastKnownFileType = wrapper.framework; name = CoreGraphics.framework; path = System/Library/Frameworks/CoreGraphics.framework; sourceTree = SDKROOT; };
		15028529163057FB00FEE910 /* VOCABI-Info.plist */ = {isa = PBXFileReference; lastKnownFileType = text.plist.xml; path = "VOCABI-Info.plist"; sourceTree = "<group>"; };
		1502852B163057FB00FEE910 /* en */ = {isa = PBXFileReference; lastKnownFileType = text.plist.strings; name = en; path = en.lproj/InfoPlist.strings; sourceTree = "<group>"; };
		1502852D163057FB00FEE910 /* main.m */ = {isa = PBXFileReference; lastKnownFileType = sourcecode.c.objc; path = main.m; sourceTree = "<group>"; };
		1502852F163057FB00FEE910 /* VOCABI-Prefix.pch */ = {isa = PBXFileReference; lastKnownFileType = sourcecode.c.h; path = "VOCABI-Prefix.pch"; sourceTree = "<group>"; };
		15028530163057FB00FEE910 /* VBAppDelegate.h */ = {isa = PBXFileReference; lastKnownFileType = sourcecode.c.h; path = VBAppDelegate.h; sourceTree = "<group>"; };
		15028531163057FB00FEE910 /* VBAppDelegate.m */ = {isa = PBXFileReference; lastKnownFileType = sourcecode.c.objc; path = VBAppDelegate.m; sourceTree = "<group>"; };
/* End PBXFileReference section */

/* Begin PBXFrameworksBuildPhase section */
		1502851A163057FB00FEE910 /* Frameworks */ = {
			isa = PBXFrameworksBuildPhase;
			buildActionMask = 2147483647;
			files = (
				15028522163057FB00FEE910 /* UIKit.framework in Frameworks */,
				15028524163057FB00FEE910 /* Foundation.framework in Frameworks */,
				15028526163057FB00FEE910 /* CoreGraphics.framework in Frameworks */,
			);
			runOnlyForDeploymentPostprocessing = 0;
		};
/* End PBXFrameworksBuildPhase section */

/* Begin PBXGroup section */
		15028512163057FB00FEE910 = {
			isa = PBXGroup;
			children = (
				15028527163057FB00FEE910 /* VOCABI */,
				15028520163057FB00FEE910 /* Frameworks */,
				1502851E163057FB00FEE910 /* Products */,
			);
			sourceTree = "<group>";
		};
		1502851E163057FB00FEE910 /* Products */ = {
			isa = PBXGroup;
			children = (
				1502851D163057FB00FEE910 /* VOCABI.app */,
			);
			name = Products;
			sourceTree = "<group>";
		};
		15028520163057FB00FEE910 /* Frameworks */ = {
			isa = PBXGroup;
			children = (
				15028521163057FB00FEE910 /* UIKit.framework */,
				15028523163057FB00FEE910 /* Foundation.framework */,
				15028525163057FB00FEE910 /* CoreGraphics.framework */,
			);
			name = Frameworks;
			sourceTree = "<group>";
		};
		15028527163057FB00FEE910 /* VOCABI */ = {
			isa = PBXGroup;
			children = (
				15028530163057FB00FEE910 /* VBAppDelegate.h */,
				15028531163057FB00FEE910 /* VBAppDelegate.m */,
				15028528163057FB00FEE910 /* Supporting Files */,
			);
			path = VOCABI;
			sourceTree = "<group>";
		};
		15028528163057FB00FEE910 /* Supporting Files */ = {
			isa = PBXGroup;
			children = (
				15028529163057FB00FEE910 /* VOCABI-Info.plist */,
				1502852A163057FB00FEE910 /* InfoPlist.strings */,
				1502852D163057FB00FEE910 /* main.m */,
				1502852F163057FB00FEE910 /* VOCABI-Prefix.pch */,
			);
			name = "Supporting Files";
			sourceTree = "<group>";
		};
/* End PBXGroup section */

/* Begin PBXNativeTarget section */
		1502851C163057FB00FEE910 /* VOCABI */ = {
			isa = PBXNativeTarget;
			buildConfigurationList = 15028535163057FB00FEE910 /* Build configuration list for PBXNativeTarget "VOCABI" */;
			buildPhases = (
				15028519163057FB00FEE910 /* Sources */,
				1502851A163057FB00FEE910 /* Frameworks */,
				1502851B163057FB00FEE910 /* Resources */,
			);
			buildRules = (
			);
			dependencies = (
			);
			name = VOCABI;
			productName = VOCABI;
			productReference = 1502851D163057FB00FEE910 /* VOCABI.app */;
			productType = "com.apple.product-type.application";
		};
/* End PBXNativeTarget section */

/* Begin PBXProject section */
		15028514163057FB00FEE910 /* Project object */ = {
			isa = PBXProject;
			attributes = {
				CLASSPREFIX = VB;
				LastUpgradeCheck = 0440;
				ORGANIZATIONNAME = "Jiahao Li";
			};
			buildConfigurationList = 15028517163057FB00FEE910 /* Build configuration list for PBXProject "VOCABI" */;
			compatibilityVersion = "Xcode 3.2";
			developmentRegion = English;
			hasScannedForEncodings = 0;
			knownRegions = (
				en,
			);
			mainGroup = 15028512163057FB00FEE910;
			productRefGroup = 1502851E163057FB00FEE910 /* Products */;
			projectDirPath = "";
			projectRoot = "";
			targets = (
				1502851C163057FB00FEE910 /* VOCABI */,
			);
		};
/* End PBXProject section */

/* Begin PBXResourcesBuildPhase section */
		1502851B163057FB00FEE910 /* Resources */ = {
			isa = PBXResourcesBuildPhase;
			buildActionMask = 2147483647;
			files = (
				1502852C163057FB00FEE910 /* InfoPlist.strings in Resources */,
			);
			runOnlyForDeploymentPostprocessing = 0;
		};
/* End PBXResourcesBuildPhase section */

/* Begin PBXSourcesBuildPhase section */
		15028519163057FB00FEE910 /* Sources */ = {
			isa = PBXSourcesBuildPhase;
			buildActionMask = 2147483647;
			files = (
				1502852E163057FB00FEE910 /* main.m in Sources */,
				15028532163057FB00FEE910 /* VBAppDelegate.m in Sources */,
			);
			runOnlyForDeploymentPostprocessing = 0;
		};
/* End PBXSourcesBuildPhase section */

/* Begin PBXVariantGroup section */
		1502852A163057FB00FEE910 /* InfoPlist.strings */ = {
			isa = PBXVariantGroup;
			children = (
				1502852B163057FB00FEE910 /* en */,
			);
			name = InfoPlist.strings;
			sourceTree = "<group>";
		};
/* End PBXVariantGroup section */

/* Begin XCBuildConfiguration section */
		15028533163057FB00FEE910 /* Debug */ = {
			isa = XCBuildConfiguration;
			buildSettings = {
				ALWAYS_SEARCH_USER_PATHS = NO;
				ARCHS = "$(ARCHS_STANDARD_32_BIT)";
				CLANG_CXX_LANGUAGE_STANDARD = "gnu++0x";
				CLANG_ENABLE_OBJC_ARC = YES;
				CLANG_WARN__DUPLICATE_METHOD_MATCH = YES;
				"CODE_SIGN_IDENTITY[sdk=iphoneos*]" = "iPhone Developer";
				COPY_PHASE_STRIP = NO;
				GCC_C_LANGUAGE_STANDARD = gnu99;
				GCC_DYNAMIC_NO_PIC = NO;
				GCC_OPTIMIZATION_LEVEL = 0;
				GCC_PREPROCESSOR_DEFINITIONS = (
					"DEBUG=1",
					"$(inherited)",
				);
				GCC_SYMBOLS_PRIVATE_EXTERN = NO;
				GCC_VERSION = com.apple.compilers.llvm.clang.1_0;
				GCC_WARN_ABOUT_RETURN_TYPE = YES;
				GCC_WARN_UNINITIALIZED_AUTOS = YES;
				GCC_WARN_UNUSED_VARIABLE = YES;
				IPHONEOS_DEPLOYMENT_TARGET = 5.1;
				SDKROOT = iphoneos;
			};
			name = Debug;
		};
		15028534163057FB00FEE910 /* Release */ = {
			isa = XCBuildConfiguration;
			buildSettings = {
				ALWAYS_SEARCH_USER_PATHS = NO;
				ARCHS = "$(ARCHS_STANDARD_32_BIT)";
				CLANG_CXX_LANGUAGE_STANDARD = "gnu++0x";
				CLANG_ENABLE_OBJC_ARC = YES;
				CLANG_WARN__DUPLICATE_METHOD_MATCH = YES;
				"CODE_SIGN_IDENTITY[sdk=iphoneos*]" = "iPhone Developer";
				COPY_PHASE_STRIP = YES;
				GCC_C_LANGUAGE_STANDARD = gnu99;
				GCC_VERSION = com.apple.compilers.llvm.clang.1_0;
				GCC_WARN_ABOUT_RETURN_TYPE = YES;
				GCC_WARN_UNINITIALIZED_AUTOS = YES;
				GCC_WARN_UNUSED_VARIABLE = YES;
				IPHONEOS_DEPLOYMENT_TARGET = 5.1;
				OTHER_CFLAGS = "-DNS_BLOCK_ASSERTIONS=1";
				SDKROOT = iphoneos;
				VALIDATE_PRODUCT = YES;
			};
			name = Release;
		};
		15028536163057FB00FEE910 /* Debug */ = {
			isa = XCBuildConfiguration;
			buildSettings = {
				GCC_PRECOMPILE_PREFIX_HEADER = YES;
				GCC_PREFIX_HEADER = "VOCABI/VOCABI-Prefix.pch";
				INFOPLIST_FILE = "VOCABI/VOCABI-Info.plist";
				PRODUCT_NAME = "$(TARGET_NAME)";
				WRAPPER_EXTENSION = app;
			};
			name = Debug;
		};
		15028537163057FB00FEE910 /* Release */ = {
			isa = XCBuildConfiguration;
			buildSettings = {
				GCC_PRECOMPILE_PREFIX_HEADER = YES;
				GCC_PREFIX_HEADER = "VOCABI/VOCABI-Prefix.pch";
				INFOPLIST_FILE = "VOCABI/VOCABI-Info.plist";
				PRODUCT_NAME = "$(TARGET_NAME)";
				WRAPPER_EXTENSION = app;
			};
			name = Release;
		};
/* End XCBuildConfiguration section */

/* Begin XCConfigurationList section */
		15028517163057FB00FEE910 /* Build configuration list for PBXProject "VOCABI" */ = {
			isa = XCConfigurationList;
			buildConfigurations = (
				15028533163057FB00FEE910 /* Debug */,
				15028534163057FB00FEE910 /* Release */,
			);
			defaultConfigurationIsVisible = 0;
			defaultConfigurationName = Release;
		};
		15028535163057FB00FEE910 /* Build configuration list for PBXNativeTarget "VOCABI" */ = {
			isa = XCConfigurationList;
			buildConfigurations = (
				15028536163057FB00FEE910 /* Debug */,
				15028537163057FB00FEE910 /* Release */,
			);
			defaultConfigurationIsVisible = 0;
		};
/* End XCConfigurationList section */
	};
	rootObject = 15028514163057FB00FEE910 /* Project object */;
}
